
Microsoft Visual Studio Solution File, Format Version 12.00
# Visual Studio Version 16
VisualStudioVersion = 16.0.31205.134
MinimumVisualStudioVersion = 10.0.40219.1
Project("{FAE04EC0-301F-11D3-BF4B-00C04F79EFBC}") = "WebApplication", "WebApplication.csproj", "{9683AD14-CF8A-49CC-87EB-46A7554847F7}"
EndProject
Global
	GlobalSection(SolutionConfigurationPlatforms) = preSolution
		Debug|Any CPU = Debug|Any CPU
		Release|Any CPU = Release|Any CPU
	EndGlobalSection
	GlobalSection(ProjectConfigurationPlatforms) = postSolution
		{9683AD14-CF8A-49CC-87EB-46A7554847F7}.Debug|Any CPU.ActiveCfg = Debug|Any CPU
		{9683AD14-CF8A-49CC-87EB-46A7554847F7}.Debug|Any CPU.Build.0 = Debug|Any CPU
		{9683AD14-CF8A-49CC-87EB-46A7554847F7}.Release|Any CPU.ActiveCfg = Release|Any CPU
		{9683AD14-CF8A-49CC-87EB-46A7554847F7}.Release|Any CPU.Build.0 = Release|Any CPU
	EndGlobalSection
	GlobalSection(SolutionProperties) = preSolution
		HideSolutionNode = FALSE
	EndGlobalSection
	GlobalSection(ExtensibilityGlobals) = postSolution
		SolutionGuid = {8FE704A5-FF04-4F19-9DD4-4AAD721C0909}
	EndGlobalSection
EndGlobal
