
Microsoft Visual Studio Solution File, Format Version 12.00
# Visual Studio Version 16
VisualStudioVersion = 16.0.31205.134
MinimumVisualStudioVersion = 10.0.40219.1
Project("{FAE04EC0-301F-11D3-BF4B-00C04F79EFBC}") = "ConsoleApp1", "ConsoleApp1.csproj", "{20F52E59-EE13-4E3B-BCB9-D1A683360593}"
EndProject
Global
	GlobalSection(SolutionConfigurationPlatforms) = preSolution
		Debug|Any CPU = Debug|Any CPU
		Release|Any CPU = Release|Any CPU
	EndGlobalSection
	GlobalSection(ProjectConfigurationPlatforms) = postSolution
		{20F52E59-EE13-4E3B-BCB9-D1A683360593}.Debug|Any CPU.ActiveCfg = Debug|Any CPU
		{20F52E59-EE13-4E3B-BCB9-D1A683360593}.Debug|Any CPU.Build.0 = Debug|Any CPU
		{20F52E59-EE13-4E3B-BCB9-D1A683360593}.Release|Any CPU.ActiveCfg = Release|Any CPU
		{20F52E59-EE13-4E3B-BCB9-D1A683360593}.Release|Any CPU.Build.0 = Release|Any CPU
	EndGlobalSection
	GlobalSection(SolutionProperties) = preSolution
		HideSolutionNode = FALSE
	EndGlobalSection
	GlobalSection(ExtensibilityGlobals) = postSolution
		SolutionGuid = {54B4562E-9F28-4CAB-93D7-B508C4E6F59C}
	EndGlobalSection
EndGlobal
